
Microsoft Visual Studio Solution File, Format Version 12.00
# Visual Studio Version 17
VisualStudioVersion = 17.7.34202.233
MinimumVisualStudioVersion = 10.0.40219.1
Project("{FAE04EC0-301F-11D3-BF4B-00C04F79EFBC}") = "Kayit_Sistemi_Uİ", "Kayit_Sistemi_Uİ\Kayit_Sistemi_Uİ.csproj", "{6B11BE50-5A5F-4414-AB82-A0647F65AC18}"
EndProject
Project("{FAE04EC0-301F-11D3-BF4B-00C04F79EFBC}") = "Kayit_Sistemi_DAL", "Kayit_Sistemi_DAL\Kayit_Sistemi_DAL.csproj", "{5A558213-A46A-4212-A80A-B675597898A1}"
EndProject
Global
	GlobalSection(SolutionConfigurationPlatforms) = preSolution
		Debug|Any CPU = Debug|Any CPU
		Release|Any CPU = Release|Any CPU
	EndGlobalSection
	GlobalSection(ProjectConfigurationPlatforms) = postSolution
		{6B11BE50-5A5F-4414-AB82-A0647F65AC18}.Debug|Any CPU.ActiveCfg = Debug|Any CPU
		{6B11BE50-5A5F-4414-AB82-A0647F65AC18}.Debug|Any CPU.Build.0 = Debug|Any CPU
		{6B11BE50-5A5F-4414-AB82-A0647F65AC18}.Release|Any CPU.ActiveCfg = Release|Any CPU
		{6B11BE50-5A5F-4414-AB82-A0647F65AC18}.Release|Any CPU.Build.0 = Release|Any CPU
		{5A558213-A46A-4212-A80A-B675597898A1}.Debug|Any CPU.ActiveCfg = Debug|Any CPU
		{5A558213-A46A-4212-A80A-B675597898A1}.Debug|Any CPU.Build.0 = Debug|Any CPU
		{5A558213-A46A-4212-A80A-B675597898A1}.Release|Any CPU.ActiveCfg = Release|Any CPU
		{5A558213-A46A-4212-A80A-B675597898A1}.Release|Any CPU.Build.0 = Release|Any CPU
	EndGlobalSection
	GlobalSection(SolutionProperties) = preSolution
		HideSolutionNode = FALSE
	EndGlobalSection
	GlobalSection(ExtensibilityGlobals) = postSolution
		SolutionGuid = {EEE24E47-EB09-4A6A-8D1E-B6BC5CF48CBC}
	EndGlobalSection
EndGlobal
